
Microsoft Visual Studio Solution File, Format Version 12.00
# Visual Studio Version 16
VisualStudioVersion = 16.0.31410.357
MinimumVisualStudioVersion = 10.0.40219.1
Project("{9A19103F-16F7-4668-BE54-9A1E7A4F7556}") = "Planner.API", "Planner.API\Planner.API.csproj", "{7D36C118-09E7-4F45-8DAF-4921DA0620E4}"
EndProject
Project("{9A19103F-16F7-4668-BE54-9A1E7A4F7556}") = "Planner.DAL", "Planner.DAL\Planner.DAL.csproj", "{C7A2F33F-7992-417C-8772-3A64353A4D2B}"
EndProject
Global
	GlobalSection(SolutionConfigurationPlatforms) = preSolution
		Debug|Any CPU = Debug|Any CPU
		Release|Any CPU = Release|Any CPU
	EndGlobalSection
	GlobalSection(ProjectConfigurationPlatforms) = postSolution
		{7D36C118-09E7-4F45-8DAF-4921DA0620E4}.Debug|Any CPU.ActiveCfg = Debug|Any CPU
		{7D36C118-09E7-4F45-8DAF-4921DA0620E4}.Debug|Any CPU.Build.0 = Debug|Any CPU
		{7D36C118-09E7-4F45-8DAF-4921DA0620E4}.Release|Any CPU.ActiveCfg = Release|Any CPU
		{7D36C118-09E7-4F45-8DAF-4921DA0620E4}.Release|Any CPU.Build.0 = Release|Any CPU
		{C7A2F33F-7992-417C-8772-3A64353A4D2B}.Debug|Any CPU.ActiveCfg = Debug|Any CPU
		{C7A2F33F-7992-417C-8772-3A64353A4D2B}.Debug|Any CPU.Build.0 = Debug|Any CPU
		{C7A2F33F-7992-417C-8772-3A64353A4D2B}.Release|Any CPU.ActiveCfg = Release|Any CPU
		{C7A2F33F-7992-417C-8772-3A64353A4D2B}.Release|Any CPU.Build.0 = Release|Any CPU
	EndGlobalSection
	GlobalSection(SolutionProperties) = preSolution
		HideSolutionNode = FALSE
	EndGlobalSection
	GlobalSection(ExtensibilityGlobals) = postSolution
		SolutionGuid = {CAB86465-5802-4E5C-AFB2-AB91293AE7C0}
	EndGlobalSection
EndGlobal
